<?xml version="1.0" encoding="utf-8"?>
<Project ToolsVersion="4.0" xmlns="http://schemas.microsoft.com/developer/msbuild/2003">
  <ItemGroup>
    <Filter Include="源文件">
      <UniqueIdentifier>{4FC737F1-C7A5-4376-A066-2A32D752A2FF}</UniqueIdentifier>
      <Extensions>cpp;c;cc;cxx;def;odl;idl;hpj;bat;asm;asmx</Extensions>
    </Filter>
    <Filter Include="头文件">
      <UniqueIdentifier>{93995380-89BD-4b04-88EB-625FBE52EBFB}</UniqueIdentifier>
      <Extensions>h;hh;hpp;hxx;hm;inl;inc;xsd</Extensions>
    </Filter>
    <Filter Include="资源文件">
      <UniqueIdentifier>{67DA6AB6-F800-4c08-8B7A-83BB121AAD01}</UniqueIdentifier>
      <Extensions>rc;ico;cur;bmp;dlg;rc2;rct;bin;rgs;gif;jpg;jpeg;jpe;resx;tiff;tif;png;wav;mfcribbon-ms</Extensions>
    </Filter>
    <Filter Include="头文件\orig">
      <UniqueIdentifier>{98f8e5c6-c03d-4128-a7ab-1eb0c03dd6fa}</UniqueIdentifier>
    </Filter>
  </ItemGroup>
  <ItemGroup>
    <ClCompile Include="main.cpp">
      <Filter>源文件</Filter>
    </ClCompile>
    <ClCompile Include="..\glfw\deps\glad.c">
      <Filter>源文件</Filter>
    </ClCompile>
  </ItemGroup>
  <ItemGroup>
    <None Include="light.vs">
      <Filter>资源文件</Filter>
    </None>
    <None Include="light.fs">
      <Filter>资源文件</Filter>
    </None>
    <None Include="box.vs">
      <Filter>资源文件</Filter>
    </None>
    <None Include="box.fs">
      <Filter>资源文件</Filter>
    </None>
    <None Include="shader_8.vs">
      <Filter>资源文件</Filter>
    </None>
    <None Include="shader_8.fs">
      <Filter>资源文件</Filter>
    </None>
    <None Include="shader_9.vs">
      <Filter>资源文件</Filter>
    </None>
    <None Include="shader_9.fs">
      <Filter>资源文件</Filter>
    </None>
    <None Include="shader_10.vs">
      <Filter>资源文件</Filter>
    </None>
    <None Include="shader_10.fs">
      <Filter>资源文件</Filter>
    </None>
    <None Include="shader_11.vs">
      <Filter>资源文件</Filter>
    </None>
    <None Include="shader_11.fs">
      <Filter>资源文件</Filter>
    </None>
    <None Include="texture_12.vs">
      <Filter>资源文件</Filter>
    </None>
    <None Include="texture_12.fs">
      <Filter>资源文件</Filter>
    </None>
    <None Include="texture_13.vs">
      <Filter>资源文件</Filter>
    </None>
    <None Include="texture_13.fs">
      <Filter>资源文件</Filter>
    </None>
    <None Include="texture_14.vs">
      <Filter>资源文件</Filter>
    </None>
    <None Include="texture_14.fs">
      <Filter>资源文件</Filter>
    </None>
    <None Include="texture_15.vs">
      <Filter>资源文件</Filter>
    </None>
    <None Include="texture_15.fs">
      <Filter>资源文件</Filter>
    </None>
    <None Include="texture_16.vs">
      <Filter>资源文件</Filter>
    </None>
    <None Include="texture_16.fs">
      <Filter>资源文件</Filter>
    </None>
    <None Include="transform_17.vs">
      <Filter>资源文件</Filter>
    </None>
    <None Include="transform_17.fs">
      <Filter>资源文件</Filter>
    </None>
    <None Include="transform_18.vs">
      <Filter>资源文件</Filter>
    </None>
    <None Include="transform_18.fs">
      <Filter>资源文件</Filter>
    </None>
    <None Include="coordinate_systems_19.vs">
      <Filter>资源文件</Filter>
    </None>
    <None Include="coordinate_systems_19.fs">
      <Filter>资源文件</Filter>
    </None>
    <None Include="camera_20.vs">
      <Filter>资源文件</Filter>
    </None>
    <None Include="camera_20.fs">
      <Filter>资源文件</Filter>
    </None>
    <None Include="lamp_21.vs">
      <Filter>资源文件</Filter>
    </None>
    <None Include="lamp_21.fs">
      <Filter>资源文件</Filter>
    </None>
    <None Include="colors_21.vs">
      <Filter>资源文件</Filter>
    </None>
    <None Include="colors_21.fs">
      <Filter>资源文件</Filter>
    </None>
    <None Include="lamp_22.vs">
      <Filter>资源文件</Filter>
    </None>
    <None Include="lamp_22.fs">
      <Filter>资源文件</Filter>
    </None>
    <None Include="basic_lighting_22.vs">
      <Filter>资源文件</Filter>
    </None>
    <None Include="basic_lighting_22.fs">
      <Filter>资源文件</Filter>
    </None>
    <None Include="materials_23.fs">
      <Filter>资源文件</Filter>
    </None>
    <None Include="materials_23.vs">
      <Filter>资源文件</Filter>
    </None>
    <None Include="lamp_23.vs">
      <Filter>资源文件</Filter>
    </None>
    <None Include="lamp_23.fs">
      <Filter>资源文件</Filter>
    </None>
    <None Include="lighting_maps_24.vs">
      <Filter>资源文件</Filter>
    </None>
    <None Include="lighting_maps_24.fs">
      <Filter>资源文件</Filter>
    </None>
    <None Include="lamp_24.vs">
      <Filter>资源文件</Filter>
    </None>
    <None Include="lamp_24.fs">
      <Filter>资源文件</Filter>
    </None>
  </ItemGroup>
  <ItemGroup>
    <ClInclude Include="camera_test.h">
      <Filter>头文件</Filter>
    </ClInclude>
    <ClInclude Include="orig\shader_m.h">
      <Filter>头文件\orig</Filter>
    </ClInclude>
    <ClInclude Include="orig\camera.h">
      <Filter>头文件\orig</Filter>
    </ClInclude>
    <ClInclude Include="free.h">
      <Filter>头文件</Filter>
    </ClInclude>
    <ClInclude Include="orig_1.h">
      <Filter>头文件</Filter>
    </ClInclude>
    <ClInclude Include="orig_2.h">
      <Filter>头文件</Filter>
    </ClInclude>
    <ClInclude Include="orig_3.h">
      <Filter>头文件</Filter>
    </ClInclude>
    <ClInclude Include="orig_4.h">
      <Filter>头文件</Filter>
    </ClInclude>
    <ClInclude Include="orig_5.h">
      <Filter>头文件</Filter>
    </ClInclude>
    <ClInclude Include="orig_6.h">
      <Filter>头文件</Filter>
    </ClInclude>
    <ClInclude Include="orig_7.h">
      <Filter>头文件</Filter>
    </ClInclude>
    <ClInclude Include="orig_8.h">
      <Filter>头文件</Filter>
    </ClInclude>
    <ClInclude Include="orig_9.h">
      <Filter>头文件</Filter>
    </ClInclude>
    <ClInclude Include="orig_10.h">
      <Filter>头文件</Filter>
    </ClInclude>
    <ClInclude Include="orig_11.h">
      <Filter>头文件</Filter>
    </ClInclude>
    <ClInclude Include="orig_12.h">
      <Filter>头文件</Filter>
    </ClInclude>
    <ClInclude Include="orig_13.h">
      <Filter>头文件</Filter>
    </ClInclude>
    <ClInclude Include="orig_14.h">
      <Filter>头文件</Filter>
    </ClInclude>
    <ClInclude Include="orig_15.h">
      <Filter>头文件</Filter>
    </ClInclude>
    <ClInclude Include="orig_16.h">
      <Filter>头文件</Filter>
    </ClInclude>
    <ClInclude Include="orig_17.h">
      <Filter>头文件</Filter>
    </ClInclude>
    <ClInclude Include="orig_18.h">
      <Filter>头文件</Filter>
    </ClInclude>
    <ClInclude Include="orig_19.h">
      <Filter>头文件</Filter>
    </ClInclude>
    <ClInclude Include="orig_20.h">
      <Filter>头文件</Filter>
    </ClInclude>
    <ClInclude Include="orig_21.h">
      <Filter>头文件</Filter>
    </ClInclude>
    <ClInclude Include="orig_22.h">
      <Filter>头文件</Filter>
    </ClInclude>
    <ClInclude Include="orig_23.h">
      <Filter>头文件</Filter>
    </ClInclude>
    <ClInclude Include="orig_24.h">
      <Filter>头文件</Filter>
    </ClInclude>
  </ItemGroup>
</Project>